// !$*UTF8*$!
{
	archiveVersion = 1;
	classes = {
	};
	objectVersion = 50;
	objects = {

/* Begin PBXBuildFile section */
		5F43010D24EA4B2100988CEE /* AppDelegate.swift in Sources */ = {isa = PBXBuildFile; fileRef = 5F43010C24EA4B2100988CEE /* AppDelegate.swift */; };
		5F43010F24EA4B2100988CEE /* SceneDelegate.swift in Sources */ = {isa = PBXBuildFile; fileRef = 5F43010E24EA4B2100988CEE /* SceneDelegate.swift */; };
		5F43011424EA4B2100988CEE /* Main.storyboard in Resources */ = {isa = PBXBuildFile; fileRef = 5F43011224EA4B2100988CEE /* Main.storyboard */; };
		5F43011624EA4B2400988CEE /* Assets.xcassets in Resources */ = {isa = PBXBuildFile; fileRef = 5F43011524EA4B2400988CEE /* Assets.xcassets */; };
		5F43011924EA4B2400988CEE /* LaunchScreen.storyboard in Resources */ = {isa = PBXBuildFile; fileRef = 5F43011724EA4B2400988CEE /* LaunchScreen.storyboard */; };
		5F43012124EA4B8F00988CEE /* PhotosCollectionViewController.swift in Sources */ = {isa = PBXBuildFile; fileRef = 5F43012024EA4B8F00988CEE /* PhotosCollectionViewController.swift */; };
		5F43012324EA4F5300988CEE /* PhotoCell.swift in Sources */ = {isa = PBXBuildFile; fileRef = 5F43012224EA4F5300988CEE /* PhotoCell.swift */; };
		5F43012524EA678300988CEE /* PhotoViewController.swift in Sources */ = {isa = PBXBuildFile; fileRef = 5F43012424EA678300988CEE /* PhotoViewController.swift */; };
/* End PBXBuildFile section */

/* Begin PBXFileReference section */
		5F43010924EA4B2100988CEE /* Photo Tapps.app */ = {isa = PBXFileReference; explicitFileType = wrapper.application; includeInIndex = 0; path = "Photo Tapps.app"; sourceTree = BUILT_PRODUCTS_DIR; };
		5F43010C24EA4B2100988CEE /* AppDelegate.swift */ = {isa = PBXFileReference; lastKnownFileType = sourcecode.swift; path = AppDelegate.swift; sourceTree = "<group>"; };
		5F43010E24EA4B2100988CEE /* SceneDelegate.swift */ = {isa = PBXFileReference; lastKnownFileType = sourcecode.swift; path = SceneDelegate.swift; sourceTree = "<group>"; };
		5F43011324EA4B2100988CEE /* Base */ = {isa = PBXFileReference; lastKnownFileType = file.storyboard; name = Base; path = Base.lproj/Main.storyboard; sourceTree = "<group>"; };
		5F43011524EA4B2400988CEE /* Assets.xcassets */ = {isa = PBXFileReference; lastKnownFileType = folder.assetcatalog; path = Assets.xcassets; sourceTree = "<group>"; };
		5F43011824EA4B2400988CEE /* Base */ = {isa = PBXFileReference; lastKnownFileType = file.storyboard; name = Base; path = Base.lproj/LaunchScreen.storyboard; sourceTree = "<group>"; };
		5F43011A24EA4B2400988CEE /* Info.plist */ = {isa = PBXFileReference; lastKnownFileType = text.plist.xml; path = Info.plist; sourceTree = "<group>"; };
		5F43012024EA4B8F00988CEE /* PhotosCollectionViewController.swift */ = {isa = PBXFileReference; lastKnownFileType = sourcecode.swift; path = PhotosCollectionViewController.swift; sourceTree = "<group>"; };
		5F43012224EA4F5300988CEE /* PhotoCell.swift */ = {isa = PBXFileReference; lastKnownFileType = sourcecode.swift; path = PhotoCell.swift; sourceTree = "<group>"; };
		5F43012424EA678300988CEE /* PhotoViewController.swift */ = {isa = PBXFileReference; lastKnownFileType = sourcecode.swift; path = PhotoViewController.swift; sourceTree = "<group>"; };
/* End PBXFileReference section */

/* Begin PBXFrameworksBuildPhase section */
		5F43010624EA4B2100988CEE /* Frameworks */ = {
			isa = PBXFrameworksBuildPhase;
			buildActionMask = 2147483647;
			files = (
			);
			runOnlyForDeploymentPostprocessing = 0;
		};
/* End PBXFrameworksBuildPhase section */

/* Begin PBXGroup section */
		5F43010024EA4B2100988CEE = {
			isa = PBXGroup;
			children = (
				5F43010B24EA4B2100988CEE /* Photo Tapps */,
				5F43010A24EA4B2100988CEE /* Products */,
			);
			sourceTree = "<group>";
		};
		5F43010A24EA4B2100988CEE /* Products */ = {
			isa = PBXGroup;
			children = (
				5F43010924EA4B2100988CEE /* Photo Tapps.app */,
			);
			name = Products;
			sourceTree = "<group>";
		};
		5F43010B24EA4B2100988CEE /* Photo Tapps */ = {
			isa = PBXGroup;
			children = (
				5F43010C24EA4B2100988CEE /* AppDelegate.swift */,
				5F43010E24EA4B2100988CEE /* SceneDelegate.swift */,
				5F43012024EA4B8F00988CEE /* PhotosCollectionViewController.swift */,
				5F43012424EA678300988CEE /* PhotoViewController.swift */,
				5F43012224EA4F5300988CEE /* PhotoCell.swift */,
				5F43011224EA4B2100988CEE /* Main.storyboard */,
				5F43011524EA4B2400988CEE /* Assets.xcassets */,
				5F43011724EA4B2400988CEE /* LaunchScreen.storyboard */,
				5F43011A24EA4B2400988CEE /* Info.plist */,
			);
			path = "Photo Tapps";
			sourceTree = "<group>";
		};
/* End PBXGroup section */

/* Begin PBXNativeTarget section */
		5F43010824EA4B2100988CEE /* Photo Tapps */ = {
			isa = PBXNativeTarget;
			buildConfigurationList = 5F43011D24EA4B2400988CEE /* Build configuration list for PBXNativeTarget "Photo Tapps" */;
			buildPhases = (
				5F43010524EA4B2100988CEE /* Sources */,
				5F43010624EA4B2100988CEE /* Frameworks */,
				5F43010724EA4B2100988CEE /* Resources */,
			);
			buildRules = (
			);
			dependencies = (
			);
			name = "Photo Tapps";
			productName = "Photo Tapps";
			productReference = 5F43010924EA4B2100988CEE /* Photo Tapps.app */;
			productType = "com.apple.product-type.application";
		};
/* End PBXNativeTarget section */

/* Begin PBXProject section */
		5F43010124EA4B2100988CEE /* Project object */ = {
			isa = PBXProject;
			attributes = {
				LastSwiftUpdateCheck = 1160;
				LastUpgradeCheck = 1160;
				ORGANIZATIONNAME = Natalia;
				TargetAttributes = {
					5F43010824EA4B2100988CEE = {
						CreatedOnToolsVersion = 11.6;
					};
				};
			};
			buildConfigurationList = 5F43010424EA4B2100988CEE /* Build configuration list for PBXProject "Photo Tapps" */;
			compatibilityVersion = "Xcode 9.3";
			developmentRegion = en;
			hasScannedForEncodings = 0;
			knownRegions = (
				en,
				Base,
			);
			mainGroup = 5F43010024EA4B2100988CEE;
			productRefGroup = 5F43010A24EA4B2100988CEE /* Products */;
			projectDirPath = "";
			projectRoot = "";
			targets = (
				5F43010824EA4B2100988CEE /* Photo Tapps */,
			);
		};
/* End PBXProject section */

/* Begin PBXResourcesBuildPhase section */
		5F43010724EA4B2100988CEE /* Resources */ = {
			isa = PBXResourcesBuildPhase;
			buildActionMask = 2147483647;
			files = (
				5F43011924EA4B2400988CEE /* LaunchScreen.storyboard in Resources */,
				5F43011624EA4B2400988CEE /* Assets.xcassets in Resources */,
				5F43011424EA4B2100988CEE /* Main.storyboard in Resources */,
			);
			runOnlyForDeploymentPostprocessing = 0;
		};
/* End PBXResourcesBuildPhase section */

/* Begin PBXSourcesBuildPhase section */
		5F43010524EA4B2100988CEE /* Sources */ = {
			isa = PBXSourcesBuildPhase;
			buildActionMask = 2147483647;
			files = (
				5F43012324EA4F5300988CEE /* PhotoCell.swift in Sources */,
				5F43010D24EA4B2100988CEE /* AppDelegate.swift in Sources */,
				5F43010F24EA4B2100988CEE /* SceneDelegate.swift in Sources */,
				5F43012124EA4B8F00988CEE /* PhotosCollectionViewController.swift in Sources */,
				5F43012524EA678300988CEE /* PhotoViewController.swift in Sources */,
			);
			runOnlyForDeploymentPostprocessing = 0;
		};
/* End PBXSourcesBuildPhase section */

/* Begin PBXVariantGroup section */
		5F43011224EA4B2100988CEE /* Main.storyboard */ = {
			isa = PBXVariantGroup;
			children = (
				5F43011324EA4B2100988CEE /* Base */,
			);
			name = Main.storyboard;
			sourceTree = "<group>";
		};
		5F43011724EA4B2400988CEE /* LaunchScreen.storyboard */ = {
			isa = PBXVariantGroup;
			children = (
				5F43011824EA4B2400988CEE /* Base */,
			);
			name = LaunchScreen.storyboard;
			sourceTree = "<group>";
		};
/* End PBXVariantGroup section */

/* Begin XCBuildConfiguration section */
		5F43011B24EA4B2400988CEE /* Debug */ = {
			isa = XCBuildConfiguration;
			buildSettings = {
				ALWAYS_SEARCH_USER_PATHS = NO;
				CLANG_ANALYZER_NONNULL = YES;
				CLANG_ANALYZER_NUMBER_OBJECT_CONVERSION = YES_AGGRESSIVE;
				CLANG_CXX_LANGUAGE_STANDARD = "gnu++14";
				CLANG_CXX_LIBRARY = "libc++";
				CLANG_ENABLE_MODULES = YES;
				CLANG_ENABLE_OBJC_ARC = YES;
				CLANG_ENABLE_OBJC_WEAK = YES;
				CLANG_WARN_BLOCK_CAPTURE_AUTORELEASING = YES;
				CLANG_WARN_BOOL_CONVERSION = YES;
				CLANG_WARN_COMMA = YES;
				CLANG_WARN_CONSTANT_CONVERSION = YES;
				CLANG_WARN_DEPRECATED_OBJC_IMPLEMENTATIONS = YES;
				CLANG_WARN_DIRECT_OBJC_ISA_USAGE = YES_ERROR;
				CLANG_WARN_DOCUMENTATION_COMMENTS = YES;
				CLANG_WARN_EMPTY_BODY = YES;
				CLANG_WARN_ENUM_CONVERSION = YES;
				CLANG_WARN_INFINITE_RECURSION = YES;
				CLANG_WARN_INT_CONVERSION = YES;
				CLANG_WARN_NON_LITERAL_NULL_CONVERSION = YES;
				CLANG_WARN_OBJC_IMPLICIT_RETAIN_SELF = YES;
				CLANG_WARN_OBJC_LITERAL_CONVERSION = YES;
				CLANG_WARN_OBJC_ROOT_CLASS = YES_ERROR;
				CLANG_WARN_RANGE_LOOP_ANALYSIS = YES;
				CLANG_WARN_STRICT_PROTOTYPES = YES;
				CLANG_WARN_SUSPICIOUS_MOVE = YES;
				CLANG_WARN_UNGUARDED_AVAILABILITY = YES_AGGRESSIVE;
				CLANG_WARN_UNREACHABLE_CODE = YES;
				CLANG_WARN__DUPLICATE_METHOD_MATCH = YES;
				COPY_PHASE_STRIP = NO;
				DEBUG_INFORMATION_FORMAT = dwarf;
				ENABLE_STRICT_OBJC_MSGSEND = YES;
				ENABLE_TESTABILITY = YES;
				GCC_C_LANGUAGE_STANDARD = gnu11;
				GCC_DYNAMIC_NO_PIC = NO;
				GCC_NO_COMMON_BLOCKS = YES;
				GCC_OPTIMIZATION_LEVEL = 0;
				GCC_PREPROCESSOR_DEFINITIONS = (
					"DEBUG=1",
					"$(inherited)",
				);
				GCC_WARN_64_TO_32_BIT_CONVERSION = YES;
				GCC_WARN_ABOUT_RETURN_TYPE = YES_ERROR;
				GCC_WARN_UNDECLARED_SELECTOR = YES;
				GCC_WARN_UNINITIALIZED_AUTOS = YES_AGGRESSIVE;
				GCC_WARN_UNUSED_FUNCTION = YES;
				GCC_WARN_UNUSED_VARIABLE = YES;
				IPHONEOS_DEPLOYMENT_TARGET = 13.6;
				MTL_ENABLE_DEBUG_INFO = INCLUDE_SOURCE;
				MTL_FAST_MATH = YES;
				ONLY_ACTIVE_ARCH = YES;
				SDKROOT = iphoneos;
				SWIFT_ACTIVE_COMPILATION_CONDITIONS = DEBUG;
				SWIFT_OPTIMIZATION_LEVEL = "-Onone";
			};
			name = Debug;
		};
		5F43011C24EA4B2400988CEE /* Release */ = {
			isa = XCBuildConfiguration;
			buildSettings = {
				ALWAYS_SEARCH_USER_PATHS = NO;
				CLANG_ANALYZER_NONNULL = YES;
				CLANG_ANALYZER_NUMBER_OBJECT_CONVERSION = YES_AGGRESSIVE;
				CLANG_CXX_LANGUAGE_STANDARD = "gnu++14";
				CLANG_CXX_LIBRARY = "libc++";
				CLANG_ENABLE_MODULES = YES;
				CLANG_ENABLE_OBJC_ARC = YES;
				CLANG_ENABLE_OBJC_WEAK = YES;
				CLANG_WARN_BLOCK_CAPTURE_AUTORELEASING = YES;
				CLANG_WARN_BOOL_CONVERSION = YES;
				CLANG_WARN_COMMA = YES;
				CLANG_WARN_CONSTANT_CONVERSION = YES;
				CLANG_WARN_DEPRECATED_OBJC_IMPLEMENTATIONS = YES;
				CLANG_WARN_DIRECT_OBJC_ISA_USAGE = YES_ERROR;
				CLANG_WARN_DOCUMENTATION_COMMENTS = YES;
				CLANG_WARN_EMPTY_BODY = YES;
				CLANG_WARN_ENUM_CONVERSION = YES;
				CLANG_WARN_INFINITE_RECURSION = YES;
				CLANG_WARN_INT_CONVERSION = YES;
				CLANG_WARN_NON_LITERAL_NULL_CONVERSION = YES;
				CLANG_WARN_OBJC_IMPLICIT_RETAIN_SELF = YES;
				CLANG_WARN_OBJC_LITERAL_CONVERSION = YES;
				CLANG_WARN_OBJC_ROOT_CLASS = YES_ERROR;
				CLANG_WARN_RANGE_LOOP_ANALYSIS = YES;
				CLANG_WARN_STRICT_PROTOTYPES = YES;
				CLANG_WARN_SUSPICIOUS_MOVE = YES;
				CLANG_WARN_UNGUARDED_AVAILABILITY = YES_AGGRESSIVE;
				CLANG_WARN_UNREACHABLE_CODE = YES;
				CLANG_WARN__DUPLICATE_METHOD_MATCH = YES;
				COPY_PHASE_STRIP = NO;
				DEBUG_INFORMATION_FORMAT = "dwarf-with-dsym";
				ENABLE_NS_ASSERTIONS = NO;
				ENABLE_STRICT_OBJC_MSGSEND = YES;
				GCC_C_LANGUAGE_STANDARD = gnu11;
				GCC_NO_COMMON_BLOCKS = YES;
				GCC_WARN_64_TO_32_BIT_CONVERSION = YES;
				GCC_WARN_ABOUT_RETURN_TYPE = YES_ERROR;
				GCC_WARN_UNDECLARED_SELECTOR = YES;
				GCC_WARN_UNINITIALIZED_AUTOS = YES_AGGRESSIVE;
				GCC_WARN_UNUSED_FUNCTION = YES;
				GCC_WARN_UNUSED_VARIABLE = YES;
				IPHONEOS_DEPLOYMENT_TARGET = 13.6;
				MTL_ENABLE_DEBUG_INFO = NO;
				MTL_FAST_MATH = YES;
				SDKROOT = iphoneos;
				SWIFT_COMPILATION_MODE = wholemodule;
				SWIFT_OPTIMIZATION_LEVEL = "-O";
				VALIDATE_PRODUCT = YES;
			};
			name = Release;
		};
		5F43011E24EA4B2400988CEE /* Debug */ = {
			isa = XCBuildConfiguration;
			buildSettings = {
				ASSETCATALOG_COMPILER_APPICON_NAME = AppIcon;
				CODE_SIGN_STYLE = Automatic;
				DEVELOPMENT_TEAM = M5VQCMYS38;
				INFOPLIST_FILE = "Photo Tapps/Info.plist";
				LD_RUNPATH_SEARCH_PATHS = (
					"$(inherited)",
					"@executable_path/Frameworks",
				);
				PRODUCT_BUNDLE_IDENTIFIER = "com.Natalia.Photo-Tapps";
				PRODUCT_NAME = "$(TARGET_NAME)";
				SWIFT_VERSION = 5.0;
				TARGETED_DEVICE_FAMILY = "1,2";
			};
			name = Debug;
		};
		5F43011F24EA4B2400988CEE /* Release */ = {
			isa = XCBuildConfiguration;
			buildSettings = {
				ASSETCATALOG_COMPILER_APPICON_NAME = AppIcon;
				CODE_SIGN_STYLE = Automatic;
				DEVELOPMENT_TEAM = M5VQCMYS38;
				INFOPLIST_FILE = "Photo Tapps/Info.plist";
				LD_RUNPATH_SEARCH_PATHS = (
					"$(inherited)",
					"@executable_path/Frameworks",
				);
				PRODUCT_BUNDLE_IDENTIFIER = "com.Natalia.Photo-Tapps";
				PRODUCT_NAME = "$(TARGET_NAME)";
				SWIFT_VERSION = 5.0;
				TARGETED_DEVICE_FAMILY = "1,2";
			};
			name = Release;
		};
/* End XCBuildConfiguration section */

/* Begin XCConfigurationList section */
		5F43010424EA4B2100988CEE /* Build configuration list for PBXProject "Photo Tapps" */ = {
			isa = XCConfigurationList;
			buildConfigurations = (
				5F43011B24EA4B2400988CEE /* Debug */,
				5F43011C24EA4B2400988CEE /* Release */,
			);
			defaultConfigurationIsVisible = 0;
			defaultConfigurationName = Release;
		};
		5F43011D24EA4B2400988CEE /* Build configuration list for PBXNativeTarget "Photo Tapps" */ = {
			isa = XCConfigurationList;
			buildConfigurations = (
				5F43011E24EA4B2400988CEE /* Debug */,
				5F43011F24EA4B2400988CEE /* Release */,
			);
			defaultConfigurationIsVisible = 0;
			defaultConfigurationName = Release;
		};
/* End XCConfigurationList section */
	};
	rootObject = 5F43010124EA4B2100988CEE /* Project object */;
}
